{
  "requires": true,
  "lockfileVersion": 1,
  "dependencies": {
    "liquibase": {
      "version": "4.3.9",
      "resolved": "https://registry.npmjs.org/liquibase/-/liquibase-4.3.9.tgz",
      "integrity": "sha512-jY9I2AZkGJacIr4Qfs8YjwnxxxC0nnBwO3I+I30fJa/V7WT5xeWDTGwFPhckw/utPfqqQDUGwfaE4Wcgk7A3iA=="
    }
  }
}
